{
    "_meta": {
        "hash": {
            "sha256": "1a725917795a002a5bf0cad8faa961c064f2d5bdde0986218692f968a11bc8f8"
        },
        "pipfile-spec": 6,
        "requires": {
            "python_version": "2.7"
        },
        "sources": [
            {
                "name": "pypi",
                "url": "https://pypi.org/simple",
                "verify_ssl": true
            }
        ]
    },
    "default": {
        "backports-csv": {
            "hashes": [
                "sha256:f68c7115c7fbe6d4b4104327d2e677efb38aa09bd7f877b47a6de18e44975510"
            ],
            "index": "pypi",
            "version": "==1.0.6"
        },
        "behave": {
            "hashes": [
                "sha256:b9662327aa53294c1351b0a9c369093ccec1d21026f050c3bd9b3e5cccf81a86",
                "sha256:ebda1a6c9e5bfe95c5f9f0a2794e01c7098b3dde86c10a95d8621c5907ff6f1c"
            ],
            "index": "pypi",
            "version": "==1.2.6"
        },
        "click": {
            "hashes": [
                "sha256:2335065e6395b9e67ca716de5f7526736bfa6ceead690adf616d925bdc622b13",
                "sha256:5b94b49521f6456670fdb30cd82a4eca9412788a93fa6dd6df72c94d5a8ff2d7"
            ],
            "index": "pypi",
            "version": "==7.0"
        },
        "enum34": {
            "hashes": [
                "sha256:2d81cbbe0e73112bdfe6ef8576f2238f2ba27dd0d55752a776c41d38b7da2850",
                "sha256:644837f692e5f550741432dd3f223bbb9852018674981b1664e5dc339387588a",
                "sha256:6bd0f6ad48ec2aa117d3d141940d484deccda84d4fcd884f5c3d93c23ecd8c79",
                "sha256:8ad8c4783bf61ded74527bffb48ed9b54166685e4230386a9ed9b1279e2df5b1"
            ],
            "markers": "python_version < '3.4'",
            "version": "==1.1.6"
        },
        "linecache2": {
            "hashes": [
                "sha256:4b26ff4e7110db76eeb6f5a7b64a82623839d595c2038eeda662f2a2db78e97c",
                "sha256:e78be9c0a0dfcbac712fe04fbf92b96cddae80b1b842f24248214c8496f006ef"
            ],
            "version": "==1.0.0"
        },
        "parse": {
            "hashes": [
                "sha256:870dd675c1ee8951db3e29b81ebe44fd131e3eb8c03a79483a58ea574f3145c2"
            ],
            "version": "==1.11.1"
        },
        "parse-type": {
            "hashes": [
                "sha256:6e906a66f340252e4c324914a60d417d33a4bea01292ea9bbf68b4fc123be8c9",
                "sha256:f596bdc75d3dd93036fbfe3d04127da9f6df0c26c36e01e76da85adef4336b3c"
            ],
            "version": "==0.4.2"
        },
        "ptable": {
            "hashes": [
                "sha256:aa7fc151cb40f2dabcd2275ba6f7fd0ff8577a86be3365cd3fb297cbe09cc292"
            ],
            "version": "==0.9.2"
        },
        "redis": {
            "hashes": [
                "sha256:74c892041cba46078ae1ef845241548baa3bd3634f9a6f0f952f006eb1619c71",
                "sha256:7ba8612bbfd966dea8c62322543fed0095da2834dbd5a7c124afbc617a156aa7"
            ],
            "version": "==3.1.0"
        },
        "redisgraph": {
            "hashes": [
                "sha256:d2bbefc1a4453a8f63d0183c5ea3e4e12b66805870c2088b98e0bbf4e7fbec8c"
            ],
            "index": "pypi",
            "version": "==1.7"
        },
        "rmtest": {
            "hashes": [
                "sha256:2defa5c5d096152479fae28a5461d1d020c075e2e81678c66bcdd361049e1580"
            ],
            "index": "pypi",
            "version": "==0.7.0"
        },
        "six": {
            "hashes": [
                "sha256:3350809f0555b11f552448330d0b52d5f24c91a322ea4a15ef22629740f3761c",
                "sha256:d16a0141ec1a18405cd4ce8b4613101da75da0e9a7aec5bdd4fa804d0e0eba73"
            ],
            "version": "==1.12.0"
        },
        "traceback2": {
            "hashes": [
                "sha256:05acc67a09980c2ecfedd3423f7ae0104839eccb55fc645773e1caa0951c3030",
                "sha256:8253cebec4b19094d67cc5ed5af99bf1dba1285292226e98a31929f87a5d6b23"
            ],
            "markers": "python_version < '3.0'",
            "version": "==1.4.0"
        }
    },
    "develop": {}
}
